{
  "name": "web-game",
  "version": "1.0.0",
  "lockfileVersion": 1,
  "requires": true,
  "dependencies": {
    "@types/createjs-lib": {
      "version": "0.0.29",
      "resolved": "http://registry.npm.taobao.org/@types/createjs-lib/download/@types/createjs-lib-0.0.29.tgz",
      "integrity": "sha1-+uguO6hgZmOxkOeJzsfZxyj8Qdc=",
      "dev": true
    },
    "@types/easeljs": {
      "version": "1.0.0",
      "resolved": "http://registry.npm.taobao.org/@types/easeljs/download/@types/easeljs-1.0.0.tgz",
      "integrity": "sha1-sznKCo0BSIGYMbAUAlTWl/1G2XQ=",
      "dev": true,
      "requires": {
        "@types/createjs-lib": "*",
        "@types/tweenjs": "*"
      }
    },
    "@types/tweenjs": {
      "version": "1.0.0",
      "resolved": "http://registry.npm.taobao.org/@types/tweenjs/download/@types/tweenjs-1.0.0.tgz",
      "integrity": "sha1-onuear4nusGeu9t94dmMMaxAwGQ=",
      "dev": true,
      "requires": {
        "@types/createjs-lib": "*"
      }
    }
  }
}
